
Microsoft Visual Studio Solution File, Format Version 12.00
# Visual Studio Version 16
VisualStudioVersion = 16.0.29509.3
MinimumVisualStudioVersion = 10.0.40219.1
Project("{FAE04EC0-301F-11D3-BF4B-00C04F79EFBC}") = "TextAdventure", "TextAdventure\TextAdventure.csproj", "{9427F44E-4F13-47F8-8157-D670D8D2CD81}"
EndProject
Global
	GlobalSection(SolutionConfigurationPlatforms) = preSolution
		Debug|Any CPU = Debug|Any CPU
		Release|Any CPU = Release|Any CPU
	EndGlobalSection
	GlobalSection(ProjectConfigurationPlatforms) = postSolution
		{9427F44E-4F13-47F8-8157-D670D8D2CD81}.Debug|Any CPU.ActiveCfg = Debug|Any CPU
		{9427F44E-4F13-47F8-8157-D670D8D2CD81}.Debug|Any CPU.Build.0 = Debug|Any CPU
		{9427F44E-4F13-47F8-8157-D670D8D2CD81}.Release|Any CPU.ActiveCfg = Release|Any CPU
		{9427F44E-4F13-47F8-8157-D670D8D2CD81}.Release|Any CPU.Build.0 = Release|Any CPU
	EndGlobalSection
	GlobalSection(SolutionProperties) = preSolution
		HideSolutionNode = FALSE
	EndGlobalSection
	GlobalSection(ExtensibilityGlobals) = postSolution
		SolutionGuid = {9376A354-D825-4CA9-B65F-DE9F5F55D21C}
	EndGlobalSection
EndGlobal
